
Microsoft Visual Studio Solution File, Format Version 12.00
# Visual Studio 2012
Project("{FAE04EC0-301F-11D3-BF4B-00C04F79EFBC}") = "Phenophase", "Phenophase\Phenophase.csproj", "{92C784CC-BB21-41AF-95E6-FA3EEE00B361}"
EndProject
Project("{6141683F-8A12-4E36-9623-2EB02B2C2303}") = "PhenophaseSetup", "PhenophaseSetup\PhenophaseSetup.isproj", "{8F5ED1A6-ED9C-446E-B9BE-E4411B83734E}"
	ProjectSection(ProjectDependencies) = postProject
		{92C784CC-BB21-41AF-95E6-FA3EEE00B361} = {92C784CC-BB21-41AF-95E6-FA3EEE00B361}
	EndProjectSection
EndProject
Global
	GlobalSection(SolutionConfigurationPlatforms) = preSolution
		CD_ROM|x86 = CD_ROM|x86
		Debug|x86 = Debug|x86
		DVD-5|x86 = DVD-5|x86
		Release|x86 = Release|x86
		SingleImage|x86 = SingleImage|x86
	EndGlobalSection
	GlobalSection(ProjectConfigurationPlatforms) = postSolution
		{92C784CC-BB21-41AF-95E6-FA3EEE00B361}.CD_ROM|x86.ActiveCfg = Release|x86
		{92C784CC-BB21-41AF-95E6-FA3EEE00B361}.CD_ROM|x86.Build.0 = Release|x86
		{92C784CC-BB21-41AF-95E6-FA3EEE00B361}.Debug|x86.ActiveCfg = Debug|x86
		{92C784CC-BB21-41AF-95E6-FA3EEE00B361}.Debug|x86.Build.0 = Debug|x86
		{92C784CC-BB21-41AF-95E6-FA3EEE00B361}.DVD-5|x86.ActiveCfg = Debug|x86
		{92C784CC-BB21-41AF-95E6-FA3EEE00B361}.DVD-5|x86.Build.0 = Debug|x86
		{92C784CC-BB21-41AF-95E6-FA3EEE00B361}.Release|x86.ActiveCfg = Release|x86
		{92C784CC-BB21-41AF-95E6-FA3EEE00B361}.Release|x86.Build.0 = Release|x86
		{92C784CC-BB21-41AF-95E6-FA3EEE00B361}.SingleImage|x86.ActiveCfg = Release|x86
		{92C784CC-BB21-41AF-95E6-FA3EEE00B361}.SingleImage|x86.Build.0 = Release|x86
		{8F5ED1A6-ED9C-446E-B9BE-E4411B83734E}.CD_ROM|x86.ActiveCfg = CD_ROM
		{8F5ED1A6-ED9C-446E-B9BE-E4411B83734E}.CD_ROM|x86.Build.0 = CD_ROM
		{8F5ED1A6-ED9C-446E-B9BE-E4411B83734E}.Debug|x86.ActiveCfg = DVD-5
		{8F5ED1A6-ED9C-446E-B9BE-E4411B83734E}.Debug|x86.Build.0 = DVD-5
		{8F5ED1A6-ED9C-446E-B9BE-E4411B83734E}.DVD-5|x86.ActiveCfg = DVD-5
		{8F5ED1A6-ED9C-446E-B9BE-E4411B83734E}.DVD-5|x86.Build.0 = DVD-5
		{8F5ED1A6-ED9C-446E-B9BE-E4411B83734E}.Release|x86.ActiveCfg = SingleImage
		{8F5ED1A6-ED9C-446E-B9BE-E4411B83734E}.Release|x86.Build.0 = SingleImage
		{8F5ED1A6-ED9C-446E-B9BE-E4411B83734E}.SingleImage|x86.ActiveCfg = SingleImage
		{8F5ED1A6-ED9C-446E-B9BE-E4411B83734E}.SingleImage|x86.Build.0 = SingleImage
	EndGlobalSection
	GlobalSection(SolutionProperties) = preSolution
		HideSolutionNode = FALSE
	EndGlobalSection
EndGlobal
